
Microsoft Visual Studio Solution File, Format Version 12.00
# Visual Studio Version 16
VisualStudioVersion = 16.0.31112.23
MinimumVisualStudioVersion = 10.0.40219.1
Project("{FAE04EC0-301F-11D3-BF4B-00C04F79EFBC}") = "Top-down RTS game", "Top-down RTS game\Top-down RTS game.csproj", "{236D4808-30EE-4827-A217-C13840D3B059}"
EndProject
Global
	GlobalSection(SolutionConfigurationPlatforms) = preSolution
		Debug|Any CPU = Debug|Any CPU
		Release|Any CPU = Release|Any CPU
	EndGlobalSection
	GlobalSection(ProjectConfigurationPlatforms) = postSolution
		{236D4808-30EE-4827-A217-C13840D3B059}.Debug|Any CPU.ActiveCfg = Debug|Any CPU
		{236D4808-30EE-4827-A217-C13840D3B059}.Debug|Any CPU.Build.0 = Debug|Any CPU
		{236D4808-30EE-4827-A217-C13840D3B059}.Release|Any CPU.ActiveCfg = Release|Any CPU
		{236D4808-30EE-4827-A217-C13840D3B059}.Release|Any CPU.Build.0 = Release|Any CPU
	EndGlobalSection
	GlobalSection(SolutionProperties) = preSolution
		HideSolutionNode = FALSE
	EndGlobalSection
	GlobalSection(ExtensibilityGlobals) = postSolution
		SolutionGuid = {42AC447B-20BC-4E56-8E11-EB8DC679B975}
	EndGlobalSection
EndGlobal
